// !$*UTF8*$!
{
	archiveVersion = 1;
	classes = {
	};
	objectVersion = 50;
	objects = {

/* Begin PBXBuildFile section */
		4567B6A3229F721C00C303A0 /* AppDelegate.swift in Sources */ = {isa = PBXBuildFile; fileRef = 4567B6A2229F721C00C303A0 /* AppDelegate.swift */; };
		4567B6A5229F721C00C303A0 /* ViewController.swift in Sources */ = {isa = PBXBuildFile; fileRef = 4567B6A4229F721C00C303A0 /* ViewController.swift */; };
		4567B6A8229F721C00C303A0 /* Main.storyboard in Resources */ = {isa = PBXBuildFile; fileRef = 4567B6A6229F721C00C303A0 /* Main.storyboard */; };
		4567B6AA229F721E00C303A0 /* Assets.xcassets in Resources */ = {isa = PBXBuildFile; fileRef = 4567B6A9229F721E00C303A0 /* Assets.xcassets */; };
		4567B6AD229F721E00C303A0 /* LaunchScreen.storyboard in Resources */ = {isa = PBXBuildFile; fileRef = 4567B6AB229F721E00C303A0 /* LaunchScreen.storyboard */; };
		4567B6B7229F774200C303A0 /* twoSum.swift in Sources */ = {isa = PBXBuildFile; fileRef = 4567B6B6229F774200C303A0 /* twoSum.swift */; };
		4567B6DE229F7F0500C303A0 /* InterviewTests.swift in Sources */ = {isa = PBXBuildFile; fileRef = 4567B6DD229F7F0500C303A0 /* InterviewTests.swift */; };
		4567B6E9229F87C200C303A0 /* reverseString.swift in Sources */ = {isa = PBXBuildFile; fileRef = 4567B6E8229F87C200C303A0 /* reverseString.swift */; };
		45B6BB8122A0C27500742D80 /* LinkedOrder.swift in Sources */ = {isa = PBXBuildFile; fileRef = 45B6BB8022A0C27500742D80 /* LinkedOrder.swift */; };
		45B6BB8322A0CB7500742D80 /* FastPointer.swift in Sources */ = {isa = PBXBuildFile; fileRef = 45B6BB8222A0CB7500742D80 /* FastPointer.swift */; };
		45B6BB8622A0D8C700742D80 /* SimplePath.swift in Sources */ = {isa = PBXBuildFile; fileRef = 45B6BB8522A0D8C700742D80 /* SimplePath.swift */; };
		45B6BB8922A0FFCE00742D80 /* TreeDepth.swift in Sources */ = {isa = PBXBuildFile; fileRef = 45B6BB8822A0FFCE00742D80 /* TreeDepth.swift */; };
		45B6BB8B22A1060500742D80 /* TreeValidBST.swift in Sources */ = {isa = PBXBuildFile; fileRef = 45B6BB8A22A1060500742D80 /* TreeValidBST.swift */; };
		45B6BB8D22A10EA200742D80 /* BinaryTreeTraversal.swift in Sources */ = {isa = PBXBuildFile; fileRef = 45B6BB8C22A10EA200742D80 /* BinaryTreeTraversal.swift */; };
/* End PBXBuildFile section */

/* Begin PBXContainerItemProxy section */
		4567B6E0229F7F0500C303A0 /* PBXContainerItemProxy */ = {
			isa = PBXContainerItemProxy;
			containerPortal = 4567B697229F721C00C303A0 /* Project object */;
			proxyType = 1;
			remoteGlobalIDString = 4567B69E229F721C00C303A0;
			remoteInfo = Interview;
		};
/* End PBXContainerItemProxy section */

/* Begin PBXFileReference section */
		4567B69F229F721C00C303A0 /* Interview.app */ = {isa = PBXFileReference; explicitFileType = wrapper.application; includeInIndex = 0; path = Interview.app; sourceTree = BUILT_PRODUCTS_DIR; };
		4567B6A2229F721C00C303A0 /* AppDelegate.swift */ = {isa = PBXFileReference; lastKnownFileType = sourcecode.swift; path = AppDelegate.swift; sourceTree = "<group>"; };
		4567B6A4229F721C00C303A0 /* ViewController.swift */ = {isa = PBXFileReference; lastKnownFileType = sourcecode.swift; path = ViewController.swift; sourceTree = "<group>"; };
		4567B6A7229F721C00C303A0 /* Base */ = {isa = PBXFileReference; lastKnownFileType = file.storyboard; name = Base; path = Base.lproj/Main.storyboard; sourceTree = "<group>"; };
		4567B6A9229F721E00C303A0 /* Assets.xcassets */ = {isa = PBXFileReference; lastKnownFileType = folder.assetcatalog; path = Assets.xcassets; sourceTree = "<group>"; };
		4567B6AC229F721E00C303A0 /* Base */ = {isa = PBXFileReference; lastKnownFileType = file.storyboard; name = Base; path = Base.lproj/LaunchScreen.storyboard; sourceTree = "<group>"; };
		4567B6AE229F721E00C303A0 /* Info.plist */ = {isa = PBXFileReference; lastKnownFileType = text.plist.xml; path = Info.plist; sourceTree = "<group>"; };
		4567B6B6229F774200C303A0 /* twoSum.swift */ = {isa = PBXFileReference; lastKnownFileType = sourcecode.swift; path = twoSum.swift; sourceTree = "<group>"; };
		4567B6DB229F7F0500C303A0 /* InterviewTests.xctest */ = {isa = PBXFileReference; explicitFileType = wrapper.cfbundle; includeInIndex = 0; path = InterviewTests.xctest; sourceTree = BUILT_PRODUCTS_DIR; };
		4567B6DD229F7F0500C303A0 /* InterviewTests.swift */ = {isa = PBXFileReference; lastKnownFileType = sourcecode.swift; path = InterviewTests.swift; sourceTree = "<group>"; };
		4567B6DF229F7F0500C303A0 /* Info.plist */ = {isa = PBXFileReference; lastKnownFileType = text.plist.xml; path = Info.plist; sourceTree = "<group>"; };
		4567B6E8229F87C200C303A0 /* reverseString.swift */ = {isa = PBXFileReference; lastKnownFileType = sourcecode.swift; path = reverseString.swift; sourceTree = "<group>"; };
		45B6BB8022A0C27500742D80 /* LinkedOrder.swift */ = {isa = PBXFileReference; lastKnownFileType = sourcecode.swift; path = LinkedOrder.swift; sourceTree = "<group>"; };
		45B6BB8222A0CB7500742D80 /* FastPointer.swift */ = {isa = PBXFileReference; lastKnownFileType = sourcecode.swift; path = FastPointer.swift; sourceTree = "<group>"; };
		45B6BB8522A0D8C700742D80 /* SimplePath.swift */ = {isa = PBXFileReference; lastKnownFileType = sourcecode.swift; path = SimplePath.swift; sourceTree = "<group>"; };
		45B6BB8822A0FFCE00742D80 /* TreeDepth.swift */ = {isa = PBXFileReference; lastKnownFileType = sourcecode.swift; path = TreeDepth.swift; sourceTree = "<group>"; };
		45B6BB8A22A1060500742D80 /* TreeValidBST.swift */ = {isa = PBXFileReference; lastKnownFileType = sourcecode.swift; path = TreeValidBST.swift; sourceTree = "<group>"; };
		45B6BB8C22A10EA200742D80 /* BinaryTreeTraversal.swift */ = {isa = PBXFileReference; lastKnownFileType = sourcecode.swift; path = BinaryTreeTraversal.swift; sourceTree = "<group>"; };
/* End PBXFileReference section */

/* Begin PBXFrameworksBuildPhase section */
		4567B69C229F721C00C303A0 /* Frameworks */ = {
			isa = PBXFrameworksBuildPhase;
			buildActionMask = 2147483647;
			files = (
			);
			runOnlyForDeploymentPostprocessing = 0;
		};
		4567B6D8229F7F0500C303A0 /* Frameworks */ = {
			isa = PBXFrameworksBuildPhase;
			buildActionMask = 2147483647;
			files = (
			);
			runOnlyForDeploymentPostprocessing = 0;
		};
/* End PBXFrameworksBuildPhase section */

/* Begin PBXGroup section */
		4567B696229F721C00C303A0 = {
			isa = PBXGroup;
			children = (
				4567B6A1229F721C00C303A0 /* Interview */,
				4567B6DC229F7F0500C303A0 /* InterviewTests */,
				4567B6A0229F721C00C303A0 /* Products */,
			);
			sourceTree = "<group>";
		};
		4567B6A0229F721C00C303A0 /* Products */ = {
			isa = PBXGroup;
			children = (
				4567B69F229F721C00C303A0 /* Interview.app */,
				4567B6DB229F7F0500C303A0 /* InterviewTests.xctest */,
			);
			name = Products;
			sourceTree = "<group>";
		};
		4567B6A1229F721C00C303A0 /* Interview */ = {
			isa = PBXGroup;
			children = (
				45B6BB8722A0FFB600742D80 /* Tree */,
				45B6BB8422A0D8AB00742D80 /* StackandQueue */,
				459BEA2D22A006E300FAD47C /* LinkedList */,
				4567B6E7229F879100C303A0 /* String */,
				4567B6B5229F769400C303A0 /*  Dictionary_ and_collection */,
				4567B6A4229F721C00C303A0 /* ViewController.swift */,
				4567B6A2229F721C00C303A0 /* AppDelegate.swift */,
				4567B6A6229F721C00C303A0 /* Main.storyboard */,
				4567B6A9229F721E00C303A0 /* Assets.xcassets */,
				4567B6AB229F721E00C303A0 /* LaunchScreen.storyboard */,
				4567B6AE229F721E00C303A0 /* Info.plist */,
			);
			path = Interview;
			sourceTree = "<group>";
		};
		4567B6B5229F769400C303A0 /*  Dictionary_ and_collection */ = {
			isa = PBXGroup;
			children = (
				4567B6B6229F774200C303A0 /* twoSum.swift */,
			);
			path = " Dictionary_ and_collection";
			sourceTree = "<group>";
		};
		4567B6DC229F7F0500C303A0 /* InterviewTests */ = {
			isa = PBXGroup;
			children = (
				4567B6DD229F7F0500C303A0 /* InterviewTests.swift */,
				4567B6DF229F7F0500C303A0 /* Info.plist */,
			);
			path = InterviewTests;
			sourceTree = "<group>";
		};
		4567B6E7229F879100C303A0 /* String */ = {
			isa = PBXGroup;
			children = (
				4567B6E8229F87C200C303A0 /* reverseString.swift */,
			);
			path = String;
			sourceTree = "<group>";
		};
		459BEA2D22A006E300FAD47C /* LinkedList */ = {
			isa = PBXGroup;
			children = (
				45B6BB8022A0C27500742D80 /* LinkedOrder.swift */,
				45B6BB8222A0CB7500742D80 /* FastPointer.swift */,
			);
			path = LinkedList;
			sourceTree = "<group>";
		};
		45B6BB8422A0D8AB00742D80 /* StackandQueue */ = {
			isa = PBXGroup;
			children = (
				45B6BB8522A0D8C700742D80 /* SimplePath.swift */,
			);
			path = StackandQueue;
			sourceTree = "<group>";
		};
		45B6BB8722A0FFB600742D80 /* Tree */ = {
			isa = PBXGroup;
			children = (
				45B6BB8822A0FFCE00742D80 /* TreeDepth.swift */,
				45B6BB8A22A1060500742D80 /* TreeValidBST.swift */,
				45B6BB8C22A10EA200742D80 /* BinaryTreeTraversal.swift */,
			);
			path = Tree;
			sourceTree = "<group>";
		};
/* End PBXGroup section */

/* Begin PBXNativeTarget section */
		4567B69E229F721C00C303A0 /* Interview */ = {
			isa = PBXNativeTarget;
			buildConfigurationList = 4567B6B1229F721E00C303A0 /* Build configuration list for PBXNativeTarget "Interview" */;
			buildPhases = (
				4567B69B229F721C00C303A0 /* Sources */,
				4567B69C229F721C00C303A0 /* Frameworks */,
				4567B69D229F721C00C303A0 /* Resources */,
			);
			buildRules = (
			);
			dependencies = (
			);
			name = Interview;
			productName = Interview;
			productReference = 4567B69F229F721C00C303A0 /* Interview.app */;
			productType = "com.apple.product-type.application";
		};
		4567B6DA229F7F0500C303A0 /* InterviewTests */ = {
			isa = PBXNativeTarget;
			buildConfigurationList = 4567B6E2229F7F0500C303A0 /* Build configuration list for PBXNativeTarget "InterviewTests" */;
			buildPhases = (
				4567B6D7229F7F0500C303A0 /* Sources */,
				4567B6D8229F7F0500C303A0 /* Frameworks */,
				4567B6D9229F7F0500C303A0 /* Resources */,
			);
			buildRules = (
			);
			dependencies = (
				4567B6E1229F7F0500C303A0 /* PBXTargetDependency */,
			);
			name = InterviewTests;
			productName = InterviewTests;
			productReference = 4567B6DB229F7F0500C303A0 /* InterviewTests.xctest */;
			productType = "com.apple.product-type.bundle.unit-test";
		};
/* End PBXNativeTarget section */

/* Begin PBXProject section */
		4567B697229F721C00C303A0 /* Project object */ = {
			isa = PBXProject;
			attributes = {
				LastSwiftUpdateCheck = 1020;
				LastUpgradeCheck = 1020;
				ORGANIZATIONNAME = jackfrow;
				TargetAttributes = {
					4567B69E229F721C00C303A0 = {
						CreatedOnToolsVersion = 10.2.1;
					};
					4567B6DA229F7F0500C303A0 = {
						CreatedOnToolsVersion = 10.2.1;
						TestTargetID = 4567B69E229F721C00C303A0;
					};
				};
			};
			buildConfigurationList = 4567B69A229F721C00C303A0 /* Build configuration list for PBXProject "Interview" */;
			compatibilityVersion = "Xcode 9.3";
			developmentRegion = en;
			hasScannedForEncodings = 0;
			knownRegions = (
				en,
				Base,
			);
			mainGroup = 4567B696229F721C00C303A0;
			productRefGroup = 4567B6A0229F721C00C303A0 /* Products */;
			projectDirPath = "";
			projectRoot = "";
			targets = (
				4567B69E229F721C00C303A0 /* Interview */,
				4567B6DA229F7F0500C303A0 /* InterviewTests */,
			);
		};
/* End PBXProject section */

/* Begin PBXResourcesBuildPhase section */
		4567B69D229F721C00C303A0 /* Resources */ = {
			isa = PBXResourcesBuildPhase;
			buildActionMask = 2147483647;
			files = (
				4567B6AD229F721E00C303A0 /* LaunchScreen.storyboard in Resources */,
				4567B6AA229F721E00C303A0 /* Assets.xcassets in Resources */,
				4567B6A8229F721C00C303A0 /* Main.storyboard in Resources */,
			);
			runOnlyForDeploymentPostprocessing = 0;
		};
		4567B6D9229F7F0500C303A0 /* Resources */ = {
			isa = PBXResourcesBuildPhase;
			buildActionMask = 2147483647;
			files = (
			);
			runOnlyForDeploymentPostprocessing = 0;
		};
/* End PBXResourcesBuildPhase section */

/* Begin PBXSourcesBuildPhase section */
		4567B69B229F721C00C303A0 /* Sources */ = {
			isa = PBXSourcesBuildPhase;
			buildActionMask = 2147483647;
			files = (
				45B6BB8622A0D8C700742D80 /* SimplePath.swift in Sources */,
				4567B6B7229F774200C303A0 /* twoSum.swift in Sources */,
				4567B6E9229F87C200C303A0 /* reverseString.swift in Sources */,
				4567B6A5229F721C00C303A0 /* ViewController.swift in Sources */,
				45B6BB8322A0CB7500742D80 /* FastPointer.swift in Sources */,
				45B6BB8B22A1060500742D80 /* TreeValidBST.swift in Sources */,
				45B6BB8122A0C27500742D80 /* LinkedOrder.swift in Sources */,
				4567B6A3229F721C00C303A0 /* AppDelegate.swift in Sources */,
				45B6BB8922A0FFCE00742D80 /* TreeDepth.swift in Sources */,
				45B6BB8D22A10EA200742D80 /* BinaryTreeTraversal.swift in Sources */,
			);
			runOnlyForDeploymentPostprocessing = 0;
		};
		4567B6D7229F7F0500C303A0 /* Sources */ = {
			isa = PBXSourcesBuildPhase;
			buildActionMask = 2147483647;
			files = (
				4567B6DE229F7F0500C303A0 /* InterviewTests.swift in Sources */,
			);
			runOnlyForDeploymentPostprocessing = 0;
		};
/* End PBXSourcesBuildPhase section */

/* Begin PBXTargetDependency section */
		4567B6E1229F7F0500C303A0 /* PBXTargetDependency */ = {
			isa = PBXTargetDependency;
			target = 4567B69E229F721C00C303A0 /* Interview */;
			targetProxy = 4567B6E0229F7F0500C303A0 /* PBXContainerItemProxy */;
		};
/* End PBXTargetDependency section */

/* Begin PBXVariantGroup section */
		4567B6A6229F721C00C303A0 /* Main.storyboard */ = {
			isa = PBXVariantGroup;
			children = (
				4567B6A7229F721C00C303A0 /* Base */,
			);
			name = Main.storyboard;
			sourceTree = "<group>";
		};
		4567B6AB229F721E00C303A0 /* LaunchScreen.storyboard */ = {
			isa = PBXVariantGroup;
			children = (
				4567B6AC229F721E00C303A0 /* Base */,
			);
			name = LaunchScreen.storyboard;
			sourceTree = "<group>";
		};
/* End PBXVariantGroup section */

/* Begin XCBuildConfiguration section */
		4567B6AF229F721E00C303A0 /* Debug */ = {
			isa = XCBuildConfiguration;
			buildSettings = {
				ALWAYS_SEARCH_USER_PATHS = NO;
				CLANG_ANALYZER_NONNULL = YES;
				CLANG_ANALYZER_NUMBER_OBJECT_CONVERSION = YES_AGGRESSIVE;
				CLANG_CXX_LANGUAGE_STANDARD = "gnu++14";
				CLANG_CXX_LIBRARY = "libc++";
				CLANG_ENABLE_MODULES = YES;
				CLANG_ENABLE_OBJC_ARC = YES;
				CLANG_ENABLE_OBJC_WEAK = YES;
				CLANG_WARN_BLOCK_CAPTURE_AUTORELEASING = YES;
				CLANG_WARN_BOOL_CONVERSION = YES;
				CLANG_WARN_COMMA = YES;
				CLANG_WARN_CONSTANT_CONVERSION = YES;
				CLANG_WARN_DEPRECATED_OBJC_IMPLEMENTATIONS = YES;
				CLANG_WARN_DIRECT_OBJC_ISA_USAGE = YES_ERROR;
				CLANG_WARN_DOCUMENTATION_COMMENTS = YES;
				CLANG_WARN_EMPTY_BODY = YES;
				CLANG_WARN_ENUM_CONVERSION = YES;
				CLANG_WARN_INFINITE_RECURSION = YES;
				CLANG_WARN_INT_CONVERSION = YES;
				CLANG_WARN_NON_LITERAL_NULL_CONVERSION = YES;
				CLANG_WARN_OBJC_IMPLICIT_RETAIN_SELF = YES;
				CLANG_WARN_OBJC_LITERAL_CONVERSION = YES;
				CLANG_WARN_OBJC_ROOT_CLASS = YES_ERROR;
				CLANG_WARN_RANGE_LOOP_ANALYSIS = YES;
				CLANG_WARN_STRICT_PROTOTYPES = YES;
				CLANG_WARN_SUSPICIOUS_MOVE = YES;
				CLANG_WARN_UNGUARDED_AVAILABILITY = YES_AGGRESSIVE;
				CLANG_WARN_UNREACHABLE_CODE = YES;
				CLANG_WARN__DUPLICATE_METHOD_MATCH = YES;
				CODE_SIGN_IDENTITY = "iPhone Developer";
				COPY_PHASE_STRIP = NO;
				DEBUG_INFORMATION_FORMAT = dwarf;
				ENABLE_STRICT_OBJC_MSGSEND = YES;
				ENABLE_TESTABILITY = YES;
				GCC_C_LANGUAGE_STANDARD = gnu11;
				GCC_DYNAMIC_NO_PIC = NO;
				GCC_NO_COMMON_BLOCKS = YES;
				GCC_OPTIMIZATION_LEVEL = 0;
				GCC_PREPROCESSOR_DEFINITIONS = (
					"DEBUG=1",
					"$(inherited)",
				);
				GCC_WARN_64_TO_32_BIT_CONVERSION = YES;
				GCC_WARN_ABOUT_RETURN_TYPE = YES_ERROR;
				GCC_WARN_UNDECLARED_SELECTOR = YES;
				GCC_WARN_UNINITIALIZED_AUTOS = YES_AGGRESSIVE;
				GCC_WARN_UNUSED_FUNCTION = YES;
				GCC_WARN_UNUSED_VARIABLE = YES;
				IPHONEOS_DEPLOYMENT_TARGET = 12.2;
				MTL_ENABLE_DEBUG_INFO = INCLUDE_SOURCE;
				MTL_FAST_MATH = YES;
				ONLY_ACTIVE_ARCH = YES;
				SDKROOT = iphoneos;
				SWIFT_ACTIVE_COMPILATION_CONDITIONS = DEBUG;
				SWIFT_OPTIMIZATION_LEVEL = "-Onone";
			};
			name = Debug;
		};
		4567B6B0229F721E00C303A0 /* Release */ = {
			isa = XCBuildConfiguration;
			buildSettings = {
				ALWAYS_SEARCH_USER_PATHS = NO;
				CLANG_ANALYZER_NONNULL = YES;
				CLANG_ANALYZER_NUMBER_OBJECT_CONVERSION = YES_AGGRESSIVE;
				CLANG_CXX_LANGUAGE_STANDARD = "gnu++14";
				CLANG_CXX_LIBRARY = "libc++";
				CLANG_ENABLE_MODULES = YES;
				CLANG_ENABLE_OBJC_ARC = YES;
				CLANG_ENABLE_OBJC_WEAK = YES;
				CLANG_WARN_BLOCK_CAPTURE_AUTORELEASING = YES;
				CLANG_WARN_BOOL_CONVERSION = YES;
				CLANG_WARN_COMMA = YES;
				CLANG_WARN_CONSTANT_CONVERSION = YES;
				CLANG_WARN_DEPRECATED_OBJC_IMPLEMENTATIONS = YES;
				CLANG_WARN_DIRECT_OBJC_ISA_USAGE = YES_ERROR;
				CLANG_WARN_DOCUMENTATION_COMMENTS = YES;
				CLANG_WARN_EMPTY_BODY = YES;
				CLANG_WARN_ENUM_CONVERSION = YES;
				CLANG_WARN_INFINITE_RECURSION = YES;
				CLANG_WARN_INT_CONVERSION = YES;
				CLANG_WARN_NON_LITERAL_NULL_CONVERSION = YES;
				CLANG_WARN_OBJC_IMPLICIT_RETAIN_SELF = YES;
				CLANG_WARN_OBJC_LITERAL_CONVERSION = YES;
				CLANG_WARN_OBJC_ROOT_CLASS = YES_ERROR;
				CLANG_WARN_RANGE_LOOP_ANALYSIS = YES;
				CLANG_WARN_STRICT_PROTOTYPES = YES;
				CLANG_WARN_SUSPICIOUS_MOVE = YES;
				CLANG_WARN_UNGUARDED_AVAILABILITY = YES_AGGRESSIVE;
				CLANG_WARN_UNREACHABLE_CODE = YES;
				CLANG_WARN__DUPLICATE_METHOD_MATCH = YES;
				CODE_SIGN_IDENTITY = "iPhone Developer";
				COPY_PHASE_STRIP = NO;
				DEBUG_INFORMATION_FORMAT = "dwarf-with-dsym";
				ENABLE_NS_ASSERTIONS = NO;
				ENABLE_STRICT_OBJC_MSGSEND = YES;
				GCC_C_LANGUAGE_STANDARD = gnu11;
				GCC_NO_COMMON_BLOCKS = YES;
				GCC_WARN_64_TO_32_BIT_CONVERSION = YES;
				GCC_WARN_ABOUT_RETURN_TYPE = YES_ERROR;
				GCC_WARN_UNDECLARED_SELECTOR = YES;
				GCC_WARN_UNINITIALIZED_AUTOS = YES_AGGRESSIVE;
				GCC_WARN_UNUSED_FUNCTION = YES;
				GCC_WARN_UNUSED_VARIABLE = YES;
				IPHONEOS_DEPLOYMENT_TARGET = 12.2;
				MTL_ENABLE_DEBUG_INFO = NO;
				MTL_FAST_MATH = YES;
				SDKROOT = iphoneos;
				SWIFT_COMPILATION_MODE = wholemodule;
				SWIFT_OPTIMIZATION_LEVEL = "-O";
				VALIDATE_PRODUCT = YES;
			};
			name = Release;
		};
		4567B6B2229F721E00C303A0 /* Debug */ = {
			isa = XCBuildConfiguration;
			buildSettings = {
				ASSETCATALOG_COMPILER_APPICON_NAME = AppIcon;
				CODE_SIGN_STYLE = Automatic;
				DEVELOPMENT_TEAM = L63DQ52CN9;
				INFOPLIST_FILE = Interview/Info.plist;
				LD_RUNPATH_SEARCH_PATHS = (
					"$(inherited)",
					"@executable_path/Frameworks",
				);
				PRODUCT_BUNDLE_IDENTIFIER = jackfrow.Interview;
				PRODUCT_NAME = "$(TARGET_NAME)";
				SWIFT_VERSION = 5.0;
				TARGETED_DEVICE_FAMILY = "1,2";
			};
			name = Debug;
		};
		4567B6B3229F721E00C303A0 /* Release */ = {
			isa = XCBuildConfiguration;
			buildSettings = {
				ASSETCATALOG_COMPILER_APPICON_NAME = AppIcon;
				CODE_SIGN_STYLE = Automatic;
				DEVELOPMENT_TEAM = L63DQ52CN9;
				INFOPLIST_FILE = Interview/Info.plist;
				LD_RUNPATH_SEARCH_PATHS = (
					"$(inherited)",
					"@executable_path/Frameworks",
				);
				PRODUCT_BUNDLE_IDENTIFIER = jackfrow.Interview;
				PRODUCT_NAME = "$(TARGET_NAME)";
				SWIFT_VERSION = 5.0;
				TARGETED_DEVICE_FAMILY = "1,2";
			};
			name = Release;
		};
		4567B6E3229F7F0500C303A0 /* Debug */ = {
			isa = XCBuildConfiguration;
			buildSettings = {
				BUNDLE_LOADER = "$(TEST_HOST)";
				CODE_SIGN_STYLE = Automatic;
				DEVELOPMENT_TEAM = L63DQ52CN9;
				INFOPLIST_FILE = InterviewTests/Info.plist;
				LD_RUNPATH_SEARCH_PATHS = (
					"$(inherited)",
					"@executable_path/Frameworks",
					"@loader_path/Frameworks",
				);
				PRODUCT_BUNDLE_IDENTIFIER = jackfrow.InterviewTests;
				PRODUCT_NAME = "$(TARGET_NAME)";
				SWIFT_VERSION = 5.0;
				TARGETED_DEVICE_FAMILY = "1,2";
				TEST_HOST = "$(BUILT_PRODUCTS_DIR)/Interview.app/Interview";
			};
			name = Debug;
		};
		4567B6E4229F7F0500C303A0 /* Release */ = {
			isa = XCBuildConfiguration;
			buildSettings = {
				BUNDLE_LOADER = "$(TEST_HOST)";
				CODE_SIGN_STYLE = Automatic;
				DEVELOPMENT_TEAM = L63DQ52CN9;
				INFOPLIST_FILE = InterviewTests/Info.plist;
				LD_RUNPATH_SEARCH_PATHS = (
					"$(inherited)",
					"@executable_path/Frameworks",
					"@loader_path/Frameworks",
				);
				PRODUCT_BUNDLE_IDENTIFIER = jackfrow.InterviewTests;
				PRODUCT_NAME = "$(TARGET_NAME)";
				SWIFT_VERSION = 5.0;
				TARGETED_DEVICE_FAMILY = "1,2";
				TEST_HOST = "$(BUILT_PRODUCTS_DIR)/Interview.app/Interview";
			};
			name = Release;
		};
/* End XCBuildConfiguration section */

/* Begin XCConfigurationList section */
		4567B69A229F721C00C303A0 /* Build configuration list for PBXProject "Interview" */ = {
			isa = XCConfigurationList;
			buildConfigurations = (
				4567B6AF229F721E00C303A0 /* Debug */,
				4567B6B0229F721E00C303A0 /* Release */,
			);
			defaultConfigurationIsVisible = 0;
			defaultConfigurationName = Release;
		};
		4567B6B1229F721E00C303A0 /* Build configuration list for PBXNativeTarget "Interview" */ = {
			isa = XCConfigurationList;
			buildConfigurations = (
				4567B6B2229F721E00C303A0 /* Debug */,
				4567B6B3229F721E00C303A0 /* Release */,
			);
			defaultConfigurationIsVisible = 0;
			defaultConfigurationName = Release;
		};
		4567B6E2229F7F0500C303A0 /* Build configuration list for PBXNativeTarget "InterviewTests" */ = {
			isa = XCConfigurationList;
			buildConfigurations = (
				4567B6E3229F7F0500C303A0 /* Debug */,
				4567B6E4229F7F0500C303A0 /* Release */,
			);
			defaultConfigurationIsVisible = 0;
			defaultConfigurationName = Release;
		};
/* End XCConfigurationList section */
	};
	rootObject = 4567B697229F721C00C303A0 /* Project object */;
}
